// !$*UTF8*$!
{
	archiveVersion = 1;
	classes = {
	};
	objectVersion = 46;
	objects = {

/* Begin PBXBuildFile section */
		9607F0161EEAA9AF0010C7FF /* AppDelegate.swift in Sources */ = {isa = PBXBuildFile; fileRef = 9607F0151EEAA9AF0010C7FF /* AppDelegate.swift */; };
		9607F0181EEAA9AF0010C7FF /* ViewController.swift in Sources */ = {isa = PBXBuildFile; fileRef = 9607F0171EEAA9AF0010C7FF /* ViewController.swift */; };
		9607F01B1EEAA9AF0010C7FF /* Main.storyboard in Resources */ = {isa = PBXBuildFile; fileRef = 9607F0191EEAA9AF0010C7FF /* Main.storyboard */; };
		9607F01D1EEAA9AF0010C7FF /* Assets.xcassets in Resources */ = {isa = PBXBuildFile; fileRef = 9607F01C1EEAA9AF0010C7FF /* Assets.xcassets */; };
		9607F0201EEAA9AF0010C7FF /* LaunchScreen.storyboard in Resources */ = {isa = PBXBuildFile; fileRef = 9607F01E1EEAA9AF0010C7FF /* LaunchScreen.storyboard */; };
		9607F0251EEAA9C20010C7FF /* Wind.framework in Frameworks */ = {isa = PBXBuildFile; fileRef = 9676145E1EE6F0880045FBA3 /* Wind.framework */; };
		9607F0261EEAA9C20010C7FF /* Wind.framework in Embed Frameworks */ = {isa = PBXBuildFile; fileRef = 9676145E1EE6F0880045FBA3 /* Wind.framework */; settings = {ATTRIBUTES = (CodeSignOnCopy, RemoveHeadersOnCopy, ); }; };
		9607F02B1EEABC520010C7FF /* WeakDependencies.swift in Sources */ = {isa = PBXBuildFile; fileRef = 9607F02A1EEABC520010C7FF /* WeakDependencies.swift */; };
		9607F02D1EEABFB90010C7FF /* ForeignResolvers.swift in Sources */ = {isa = PBXBuildFile; fileRef = 9607F02C1EEABFB90010C7FF /* ForeignResolvers.swift */; };
		9648DEC01FD6C34A00FC2B8C /* CoreDataSupport.swift in Sources */ = {isa = PBXBuildFile; fileRef = 9648DEBF1FD6C34A00FC2B8C /* CoreDataSupport.swift */; };
		9648DEC81FD6D21C00FC2B8C /* AppDelegate.swift in Sources */ = {isa = PBXBuildFile; fileRef = 9648DEC71FD6D21C00FC2B8C /* AppDelegate.swift */; };
		9648DECA1FD6D21C00FC2B8C /* ViewController.swift in Sources */ = {isa = PBXBuildFile; fileRef = 9648DEC91FD6D21C00FC2B8C /* ViewController.swift */; };
		9648DECD1FD6D21C00FC2B8C /* Main.storyboard in Resources */ = {isa = PBXBuildFile; fileRef = 9648DECB1FD6D21C00FC2B8C /* Main.storyboard */; };
		9648DED01FD6D21C00FC2B8C /* CoreDataSample.xcdatamodeld in Sources */ = {isa = PBXBuildFile; fileRef = 9648DECE1FD6D21C00FC2B8C /* CoreDataSample.xcdatamodeld */; };
		9648DED21FD6D21C00FC2B8C /* Assets.xcassets in Resources */ = {isa = PBXBuildFile; fileRef = 9648DED11FD6D21C00FC2B8C /* Assets.xcassets */; };
		9648DED51FD6D21C00FC2B8C /* LaunchScreen.storyboard in Resources */ = {isa = PBXBuildFile; fileRef = 9648DED31FD6D21C00FC2B8C /* LaunchScreen.storyboard */; };
		9648DEDA1FD6D25900FC2B8C /* Wind.framework in Frameworks */ = {isa = PBXBuildFile; fileRef = 9676145E1EE6F0880045FBA3 /* Wind.framework */; };
		9648DEDB1FD6D25900FC2B8C /* Wind.framework in Embed Frameworks */ = {isa = PBXBuildFile; fileRef = 9676145E1EE6F0880045FBA3 /* Wind.framework */; settings = {ATTRIBUTES = (CodeSignOnCopy, RemoveHeadersOnCopy, ); }; };
		9648DEE01FD6D32E00FC2B8C /* SampleEntity.swift in Sources */ = {isa = PBXBuildFile; fileRef = 9648DEDF1FD6D32E00FC2B8C /* SampleEntity.swift */; };
		9648DEE21FD6D3A700FC2B8C /* DateFormatter.swift in Sources */ = {isa = PBXBuildFile; fileRef = 9648DEE11FD6D3A700FC2B8C /* DateFormatter.swift */; };
		967614681EE6F0880045FBA3 /* Wind.framework in Frameworks */ = {isa = PBXBuildFile; fileRef = 9676145E1EE6F0880045FBA3 /* Wind.framework */; };
		9676146D1EE6F0880045FBA3 /* WindTests.swift in Sources */ = {isa = PBXBuildFile; fileRef = 9676146C1EE6F0880045FBA3 /* WindTests.swift */; };
		9676146F1EE6F0880045FBA3 /* Wind.h in Headers */ = {isa = PBXBuildFile; fileRef = 967614611EE6F0880045FBA3 /* Wind.h */; settings = {ATTRIBUTES = (Public, ); }; };
		967614791EE6F0B50045FBA3 /* Component.swift in Sources */ = {isa = PBXBuildFile; fileRef = 967614781EE6F0B50045FBA3 /* Component.swift */; };
		9676147B1EE6F1F70045FBA3 /* Resolver.swift in Sources */ = {isa = PBXBuildFile; fileRef = 9676147A1EE6F1F70045FBA3 /* Resolver.swift */; };
		9676147D1EE6F2500045FBA3 /* Resolvers.swift in Sources */ = {isa = PBXBuildFile; fileRef = 9676147C1EE6F2500045FBA3 /* Resolvers.swift */; };
		9676147F1EE6F2E30045FBA3 /* Container.swift in Sources */ = {isa = PBXBuildFile; fileRef = 9676147E1EE6F2E30045FBA3 /* Container.swift */; };
		967614811EE6F3560045FBA3 /* Factories.swift in Sources */ = {isa = PBXBuildFile; fileRef = 967614801EE6F3560045FBA3 /* Factories.swift */; };
		968948841EEAC53000A7140D /* SecondViewController.swift in Sources */ = {isa = PBXBuildFile; fileRef = 968948831EEAC53000A7140D /* SecondViewController.swift */; };
		96E552521EE84E4D004AF0BE /* StoryboardSupport.swift in Sources */ = {isa = PBXBuildFile; fileRef = 96E552511EE84E4D004AF0BE /* StoryboardSupport.swift */; };
		96F7D1E41EEEC01000492E04 /* SingletonTests.swift in Sources */ = {isa = PBXBuildFile; fileRef = 96F7D1E31EEEC01000492E04 /* SingletonTests.swift */; };
		96F7D1E61EEEC1C900492E04 /* FactoriesTests.swift in Sources */ = {isa = PBXBuildFile; fileRef = 96F7D1E51EEEC1C900492E04 /* FactoriesTests.swift */; };
		96F7D1E81EEEC33800492E04 /* ForeignInstancesTests.swift in Sources */ = {isa = PBXBuildFile; fileRef = 96F7D1E71EEEC33800492E04 /* ForeignInstancesTests.swift */; };
		96F7D1EC1EF1105E00492E04 /* MultipleDependencyResolutionTests.swift in Sources */ = {isa = PBXBuildFile; fileRef = 96F7D1EB1EF1105E00492E04 /* MultipleDependencyResolutionTests.swift */; };
/* End PBXBuildFile section */

/* Begin PBXContainerItemProxy section */
		9607F0271EEAA9C20010C7FF /* PBXContainerItemProxy */ = {
			isa = PBXContainerItemProxy;
			containerPortal = 967614551EE6F0880045FBA3 /* Project object */;
			proxyType = 1;
			remoteGlobalIDString = 9676145D1EE6F0880045FBA3;
			remoteInfo = Wind;
		};
		9648DEDC1FD6D25900FC2B8C /* PBXContainerItemProxy */ = {
			isa = PBXContainerItemProxy;
			containerPortal = 967614551EE6F0880045FBA3 /* Project object */;
			proxyType = 1;
			remoteGlobalIDString = 9676145D1EE6F0880045FBA3;
			remoteInfo = Wind;
		};
		967614691EE6F0880045FBA3 /* PBXContainerItemProxy */ = {
			isa = PBXContainerItemProxy;
			containerPortal = 967614551EE6F0880045FBA3 /* Project object */;
			proxyType = 1;
			remoteGlobalIDString = 9676145D1EE6F0880045FBA3;
			remoteInfo = Wind;
		};
/* End PBXContainerItemProxy section */

/* Begin PBXCopyFilesBuildPhase section */
		9607F0291EEAA9C20010C7FF /* Embed Frameworks */ = {
			isa = PBXCopyFilesBuildPhase;
			buildActionMask = 2147483647;
			dstPath = "";
			dstSubfolderSpec = 10;
			files = (
				9607F0261EEAA9C20010C7FF /* Wind.framework in Embed Frameworks */,
			);
			name = "Embed Frameworks";
			runOnlyForDeploymentPostprocessing = 0;
		};
		9648DEDE1FD6D25900FC2B8C /* Embed Frameworks */ = {
			isa = PBXCopyFilesBuildPhase;
			buildActionMask = 2147483647;
			dstPath = "";
			dstSubfolderSpec = 10;
			files = (
				9648DEDB1FD6D25900FC2B8C /* Wind.framework in Embed Frameworks */,
			);
			name = "Embed Frameworks";
			runOnlyForDeploymentPostprocessing = 0;
		};
/* End PBXCopyFilesBuildPhase section */

/* Begin PBXFileReference section */
		9607F0131EEAA9AF0010C7FF /* WindSample.app */ = {isa = PBXFileReference; explicitFileType = wrapper.application; includeInIndex = 0; path = WindSample.app; sourceTree = BUILT_PRODUCTS_DIR; };
		9607F0151EEAA9AF0010C7FF /* AppDelegate.swift */ = {isa = PBXFileReference; lastKnownFileType = sourcecode.swift; path = AppDelegate.swift; sourceTree = "<group>"; };
		9607F0171EEAA9AF0010C7FF /* ViewController.swift */ = {isa = PBXFileReference; lastKnownFileType = sourcecode.swift; path = ViewController.swift; sourceTree = "<group>"; };
		9607F01A1EEAA9AF0010C7FF /* Base */ = {isa = PBXFileReference; lastKnownFileType = file.storyboard; name = Base; path = Base.lproj/Main.storyboard; sourceTree = "<group>"; };
		9607F01C1EEAA9AF0010C7FF /* Assets.xcassets */ = {isa = PBXFileReference; lastKnownFileType = folder.assetcatalog; path = Assets.xcassets; sourceTree = "<group>"; };
		9607F01F1EEAA9AF0010C7FF /* Base */ = {isa = PBXFileReference; lastKnownFileType = file.storyboard; name = Base; path = Base.lproj/LaunchScreen.storyboard; sourceTree = "<group>"; };
		9607F0211EEAA9AF0010C7FF /* Info.plist */ = {isa = PBXFileReference; lastKnownFileType = text.plist.xml; path = Info.plist; sourceTree = "<group>"; };
		9607F02A1EEABC520010C7FF /* WeakDependencies.swift */ = {isa = PBXFileReference; fileEncoding = 4; lastKnownFileType = sourcecode.swift; path = WeakDependencies.swift; sourceTree = "<group>"; };
		9607F02C1EEABFB90010C7FF /* ForeignResolvers.swift */ = {isa = PBXFileReference; fileEncoding = 4; lastKnownFileType = sourcecode.swift; path = ForeignResolvers.swift; sourceTree = "<group>"; };
		960F6A4D1EE735410047733F /* Readme.md */ = {isa = PBXFileReference; lastKnownFileType = net.daringfireball.markdown; path = Readme.md; sourceTree = "<group>"; };
		9648DEBF1FD6C34A00FC2B8C /* CoreDataSupport.swift */ = {isa = PBXFileReference; lastKnownFileType = sourcecode.swift; path = CoreDataSupport.swift; sourceTree = "<group>"; };
		9648DEC51FD6D21C00FC2B8C /* CoreDataSample.app */ = {isa = PBXFileReference; explicitFileType = wrapper.application; includeInIndex = 0; path = CoreDataSample.app; sourceTree = BUILT_PRODUCTS_DIR; };
		9648DEC71FD6D21C00FC2B8C /* AppDelegate.swift */ = {isa = PBXFileReference; lastKnownFileType = sourcecode.swift; path = AppDelegate.swift; sourceTree = "<group>"; };
		9648DEC91FD6D21C00FC2B8C /* ViewController.swift */ = {isa = PBXFileReference; lastKnownFileType = sourcecode.swift; path = ViewController.swift; sourceTree = "<group>"; };
		9648DECC1FD6D21C00FC2B8C /* Base */ = {isa = PBXFileReference; lastKnownFileType = file.storyboard; name = Base; path = Base.lproj/Main.storyboard; sourceTree = "<group>"; };
		9648DECF1FD6D21C00FC2B8C /* CoreDataSample.xcdatamodel */ = {isa = PBXFileReference; lastKnownFileType = wrapper.xcdatamodel; path = CoreDataSample.xcdatamodel; sourceTree = "<group>"; };
		9648DED11FD6D21C00FC2B8C /* Assets.xcassets */ = {isa = PBXFileReference; lastKnownFileType = folder.assetcatalog; path = Assets.xcassets; sourceTree = "<group>"; };
		9648DED41FD6D21C00FC2B8C /* Base */ = {isa = PBXFileReference; lastKnownFileType = file.storyboard; name = Base; path = Base.lproj/LaunchScreen.storyboard; sourceTree = "<group>"; };
		9648DED61FD6D21C00FC2B8C /* Info.plist */ = {isa = PBXFileReference; lastKnownFileType = text.plist.xml; path = Info.plist; sourceTree = "<group>"; };
		9648DEDF1FD6D32E00FC2B8C /* SampleEntity.swift */ = {isa = PBXFileReference; lastKnownFileType = sourcecode.swift; path = SampleEntity.swift; sourceTree = "<group>"; };
		9648DEE11FD6D3A700FC2B8C /* DateFormatter.swift */ = {isa = PBXFileReference; lastKnownFileType = sourcecode.swift; path = DateFormatter.swift; sourceTree = "<group>"; };
		9676145E1EE6F0880045FBA3 /* Wind.framework */ = {isa = PBXFileReference; explicitFileType = wrapper.framework; includeInIndex = 0; path = Wind.framework; sourceTree = BUILT_PRODUCTS_DIR; };
		967614611EE6F0880045FBA3 /* Wind.h */ = {isa = PBXFileReference; lastKnownFileType = sourcecode.c.h; path = Wind.h; sourceTree = "<group>"; };
		967614621EE6F0880045FBA3 /* Info.plist */ = {isa = PBXFileReference; lastKnownFileType = text.plist.xml; path = Info.plist; sourceTree = "<group>"; };
		967614671EE6F0880045FBA3 /* WindTests.xctest */ = {isa = PBXFileReference; explicitFileType = wrapper.cfbundle; includeInIndex = 0; path = WindTests.xctest; sourceTree = BUILT_PRODUCTS_DIR; };
		9676146C1EE6F0880045FBA3 /* WindTests.swift */ = {isa = PBXFileReference; lastKnownFileType = sourcecode.swift; path = WindTests.swift; sourceTree = "<group>"; };
		9676146E1EE6F0880045FBA3 /* Info.plist */ = {isa = PBXFileReference; lastKnownFileType = text.plist.xml; path = Info.plist; sourceTree = "<group>"; };
		967614781EE6F0B50045FBA3 /* Component.swift */ = {isa = PBXFileReference; fileEncoding = 4; lastKnownFileType = sourcecode.swift; path = Component.swift; sourceTree = "<group>"; };
		9676147A1EE6F1F70045FBA3 /* Resolver.swift */ = {isa = PBXFileReference; fileEncoding = 4; lastKnownFileType = sourcecode.swift; path = Resolver.swift; sourceTree = "<group>"; };
		9676147C1EE6F2500045FBA3 /* Resolvers.swift */ = {isa = PBXFileReference; fileEncoding = 4; lastKnownFileType = sourcecode.swift; path = Resolvers.swift; sourceTree = "<group>"; };
		9676147E1EE6F2E30045FBA3 /* Container.swift */ = {isa = PBXFileReference; fileEncoding = 4; lastKnownFileType = sourcecode.swift; path = Container.swift; sourceTree = "<group>"; };
		967614801EE6F3560045FBA3 /* Factories.swift */ = {isa = PBXFileReference; fileEncoding = 4; lastKnownFileType = sourcecode.swift; path = Factories.swift; sourceTree = "<group>"; };
		968948831EEAC53000A7140D /* SecondViewController.swift */ = {isa = PBXFileReference; fileEncoding = 4; lastKnownFileType = sourcecode.swift; path = SecondViewController.swift; sourceTree = "<group>"; };
		96E552511EE84E4D004AF0BE /* StoryboardSupport.swift */ = {isa = PBXFileReference; fileEncoding = 4; lastKnownFileType = sourcecode.swift; path = StoryboardSupport.swift; sourceTree = "<group>"; };
		96F7D1E31EEEC01000492E04 /* SingletonTests.swift */ = {isa = PBXFileReference; fileEncoding = 4; lastKnownFileType = sourcecode.swift; path = SingletonTests.swift; sourceTree = "<group>"; };
		96F7D1E51EEEC1C900492E04 /* FactoriesTests.swift */ = {isa = PBXFileReference; fileEncoding = 4; lastKnownFileType = sourcecode.swift; path = FactoriesTests.swift; sourceTree = "<group>"; };
		96F7D1E71EEEC33800492E04 /* ForeignInstancesTests.swift */ = {isa = PBXFileReference; fileEncoding = 4; lastKnownFileType = sourcecode.swift; path = ForeignInstancesTests.swift; sourceTree = "<group>"; };
		96F7D1EB1EF1105E00492E04 /* MultipleDependencyResolutionTests.swift */ = {isa = PBXFileReference; fileEncoding = 4; lastKnownFileType = sourcecode.swift; path = MultipleDependencyResolutionTests.swift; sourceTree = "<group>"; };
/* End PBXFileReference section */

/* Begin PBXFrameworksBuildPhase section */
		9607F0101EEAA9AF0010C7FF /* Frameworks */ = {
			isa = PBXFrameworksBuildPhase;
			buildActionMask = 2147483647;
			files = (
				9607F0251EEAA9C20010C7FF /* Wind.framework in Frameworks */,
			);
			runOnlyForDeploymentPostprocessing = 0;
		};
		9648DEC21FD6D21C00FC2B8C /* Frameworks */ = {
			isa = PBXFrameworksBuildPhase;
			buildActionMask = 2147483647;
			files = (
				9648DEDA1FD6D25900FC2B8C /* Wind.framework in Frameworks */,
			);
			runOnlyForDeploymentPostprocessing = 0;
		};
		9676145A1EE6F0880045FBA3 /* Frameworks */ = {
			isa = PBXFrameworksBuildPhase;
			buildActionMask = 2147483647;
			files = (
			);
			runOnlyForDeploymentPostprocessing = 0;
		};
		967614641EE6F0880045FBA3 /* Frameworks */ = {
			isa = PBXFrameworksBuildPhase;
			buildActionMask = 2147483647;
			files = (
				967614681EE6F0880045FBA3 /* Wind.framework in Frameworks */,
			);
			runOnlyForDeploymentPostprocessing = 0;
		};
/* End PBXFrameworksBuildPhase section */

/* Begin PBXGroup section */
		9607F0141EEAA9AF0010C7FF /* WindSample */ = {
			isa = PBXGroup;
			children = (
				9607F0151EEAA9AF0010C7FF /* AppDelegate.swift */,
				9607F0171EEAA9AF0010C7FF /* ViewController.swift */,
				968948831EEAC53000A7140D /* SecondViewController.swift */,
				9607F0191EEAA9AF0010C7FF /* Main.storyboard */,
				9607F01C1EEAA9AF0010C7FF /* Assets.xcassets */,
				9607F01E1EEAA9AF0010C7FF /* LaunchScreen.storyboard */,
				9607F0211EEAA9AF0010C7FF /* Info.plist */,
			);
			path = WindSample;
			sourceTree = "<group>";
		};
		9648DEC61FD6D21C00FC2B8C /* CoreDataSample */ = {
			isa = PBXGroup;
			children = (
				9648DEE11FD6D3A700FC2B8C /* DateFormatter.swift */,
				9648DEDF1FD6D32E00FC2B8C /* SampleEntity.swift */,
				9648DEC71FD6D21C00FC2B8C /* AppDelegate.swift */,
				9648DEC91FD6D21C00FC2B8C /* ViewController.swift */,
				9648DECB1FD6D21C00FC2B8C /* Main.storyboard */,
				9648DED11FD6D21C00FC2B8C /* Assets.xcassets */,
				9648DED31FD6D21C00FC2B8C /* LaunchScreen.storyboard */,
				9648DED61FD6D21C00FC2B8C /* Info.plist */,
				9648DECE1FD6D21C00FC2B8C /* CoreDataSample.xcdatamodeld */,
			);
			path = CoreDataSample;
			sourceTree = "<group>";
		};
		967614541EE6F0880045FBA3 = {
			isa = PBXGroup;
			children = (
				960F6A4D1EE735410047733F /* Readme.md */,
				967614601EE6F0880045FBA3 /* Wind */,
				9676146B1EE6F0880045FBA3 /* WindTests */,
				9607F0141EEAA9AF0010C7FF /* WindSample */,
				9648DEC61FD6D21C00FC2B8C /* CoreDataSample */,
				9676145F1EE6F0880045FBA3 /* Products */,
			);
			sourceTree = "<group>";
		};
		9676145F1EE6F0880045FBA3 /* Products */ = {
			isa = PBXGroup;
			children = (
				9676145E1EE6F0880045FBA3 /* Wind.framework */,
				967614671EE6F0880045FBA3 /* WindTests.xctest */,
				9607F0131EEAA9AF0010C7FF /* WindSample.app */,
				9648DEC51FD6D21C00FC2B8C /* CoreDataSample.app */,
			);
			name = Products;
			sourceTree = "<group>";
		};
		967614601EE6F0880045FBA3 /* Wind */ = {
			isa = PBXGroup;
			children = (
				967614611EE6F0880045FBA3 /* Wind.h */,
				967614621EE6F0880045FBA3 /* Info.plist */,
				967614781EE6F0B50045FBA3 /* Component.swift */,
				9676147A1EE6F1F70045FBA3 /* Resolver.swift */,
				9676147C1EE6F2500045FBA3 /* Resolvers.swift */,
				9676147E1EE6F2E30045FBA3 /* Container.swift */,
				967614801EE6F3560045FBA3 /* Factories.swift */,
				96E552511EE84E4D004AF0BE /* StoryboardSupport.swift */,
				9607F02A1EEABC520010C7FF /* WeakDependencies.swift */,
				9607F02C1EEABFB90010C7FF /* ForeignResolvers.swift */,
				9648DEBF1FD6C34A00FC2B8C /* CoreDataSupport.swift */,
			);
			path = Wind;
			sourceTree = "<group>";
		};
		9676146B1EE6F0880045FBA3 /* WindTests */ = {
			isa = PBXGroup;
			children = (
				9676146C1EE6F0880045FBA3 /* WindTests.swift */,
				9676146E1EE6F0880045FBA3 /* Info.plist */,
				96F7D1E31EEEC01000492E04 /* SingletonTests.swift */,
				96F7D1E51EEEC1C900492E04 /* FactoriesTests.swift */,
				96F7D1E71EEEC33800492E04 /* ForeignInstancesTests.swift */,
				96F7D1EB1EF1105E00492E04 /* MultipleDependencyResolutionTests.swift */,
			);
			path = WindTests;
			sourceTree = "<group>";
		};
/* End PBXGroup section */

/* Begin PBXHeadersBuildPhase section */
		9676145B1EE6F0880045FBA3 /* Headers */ = {
			isa = PBXHeadersBuildPhase;
			buildActionMask = 2147483647;
			files = (
				9676146F1EE6F0880045FBA3 /* Wind.h in Headers */,
			);
			runOnlyForDeploymentPostprocessing = 0;
		};
/* End PBXHeadersBuildPhase section */

/* Begin PBXNativeTarget section */
		9607F0121EEAA9AF0010C7FF /* WindSample */ = {
			isa = PBXNativeTarget;
			buildConfigurationList = 9607F0241EEAA9AF0010C7FF /* Build configuration list for PBXNativeTarget "WindSample" */;
			buildPhases = (
				9607F00F1EEAA9AF0010C7FF /* Sources */,
				9607F0101EEAA9AF0010C7FF /* Frameworks */,
				9607F0111EEAA9AF0010C7FF /* Resources */,
				9607F0291EEAA9C20010C7FF /* Embed Frameworks */,
			);
			buildRules = (
			);
			dependencies = (
				9607F0281EEAA9C20010C7FF /* PBXTargetDependency */,
			);
			name = WindSample;
			productName = WindSample;
			productReference = 9607F0131EEAA9AF0010C7FF /* WindSample.app */;
			productType = "com.apple.product-type.application";
		};
		9648DEC41FD6D21C00FC2B8C /* CoreDataSample */ = {
			isa = PBXNativeTarget;
			buildConfigurationList = 9648DED71FD6D21C00FC2B8C /* Build configuration list for PBXNativeTarget "CoreDataSample" */;
			buildPhases = (
				9648DEC11FD6D21C00FC2B8C /* Sources */,
				9648DEC21FD6D21C00FC2B8C /* Frameworks */,
				9648DEC31FD6D21C00FC2B8C /* Resources */,
				9648DEDE1FD6D25900FC2B8C /* Embed Frameworks */,
			);
			buildRules = (
			);
			dependencies = (
				9648DEDD1FD6D25900FC2B8C /* PBXTargetDependency */,
			);
			name = CoreDataSample;
			productName = CoreDataSample;
			productReference = 9648DEC51FD6D21C00FC2B8C /* CoreDataSample.app */;
			productType = "com.apple.product-type.application";
		};
		9676145D1EE6F0880045FBA3 /* Wind */ = {
			isa = PBXNativeTarget;
			buildConfigurationList = 967614721EE6F0880045FBA3 /* Build configuration list for PBXNativeTarget "Wind" */;
			buildPhases = (
				967614591EE6F0880045FBA3 /* Sources */,
				9676145A1EE6F0880045FBA3 /* Frameworks */,
				9676145B1EE6F0880045FBA3 /* Headers */,
				9676145C1EE6F0880045FBA3 /* Resources */,
			);
			buildRules = (
			);
			dependencies = (
			);
			name = Wind;
			productName = Wind;
			productReference = 9676145E1EE6F0880045FBA3 /* Wind.framework */;
			productType = "com.apple.product-type.framework";
		};
		967614661EE6F0880045FBA3 /* WindTests */ = {
			isa = PBXNativeTarget;
			buildConfigurationList = 967614751EE6F0880045FBA3 /* Build configuration list for PBXNativeTarget "WindTests" */;
			buildPhases = (
				967614631EE6F0880045FBA3 /* Sources */,
				967614641EE6F0880045FBA3 /* Frameworks */,
				967614651EE6F0880045FBA3 /* Resources */,
			);
			buildRules = (
			);
			dependencies = (
				9676146A1EE6F0880045FBA3 /* PBXTargetDependency */,
			);
			name = WindTests;
			productName = WindTests;
			productReference = 967614671EE6F0880045FBA3 /* WindTests.xctest */;
			productType = "com.apple.product-type.bundle.unit-test";
		};
/* End PBXNativeTarget section */

/* Begin PBXProject section */
		967614551EE6F0880045FBA3 /* Project object */ = {
			isa = PBXProject;
			attributes = {
				LastSwiftUpdateCheck = 0910;
				LastUpgradeCheck = 0830;
				ORGANIZATIONNAME = Palasthotel;
				TargetAttributes = {
					9607F0121EEAA9AF0010C7FF = {
						CreatedOnToolsVersion = 8.3.2;
						DevelopmentTeam = L8585CEAXA;
						ProvisioningStyle = Automatic;
					};
					9648DEC41FD6D21C00FC2B8C = {
						CreatedOnToolsVersion = 9.1;
						ProvisioningStyle = Automatic;
					};
					9676145D1EE6F0880045FBA3 = {
						CreatedOnToolsVersion = 8.3.2;
						DevelopmentTeam = L8585CEAXA;
						LastSwiftMigration = 0830;
						ProvisioningStyle = Automatic;
					};
					967614661EE6F0880045FBA3 = {
						CreatedOnToolsVersion = 8.3.2;
						DevelopmentTeam = L8585CEAXA;
						ProvisioningStyle = Automatic;
					};
				};
			};
			buildConfigurationList = 967614581EE6F0880045FBA3 /* Build configuration list for PBXProject "Wind" */;
			compatibilityVersion = "Xcode 3.2";
			developmentRegion = English;
			hasScannedForEncodings = 0;
			knownRegions = (
				en,
				Base,
			);
			mainGroup = 967614541EE6F0880045FBA3;
			productRefGroup = 9676145F1EE6F0880045FBA3 /* Products */;
			projectDirPath = "";
			projectRoot = "";
			targets = (
				9676145D1EE6F0880045FBA3 /* Wind */,
				967614661EE6F0880045FBA3 /* WindTests */,
				9607F0121EEAA9AF0010C7FF /* WindSample */,
				9648DEC41FD6D21C00FC2B8C /* CoreDataSample */,
			);
		};
/* End PBXProject section */

/* Begin PBXResourcesBuildPhase section */
		9607F0111EEAA9AF0010C7FF /* Resources */ = {
			isa = PBXResourcesBuildPhase;
			buildActionMask = 2147483647;
			files = (
				9607F0201EEAA9AF0010C7FF /* LaunchScreen.storyboard in Resources */,
				9607F01D1EEAA9AF0010C7FF /* Assets.xcassets in Resources */,
				9607F01B1EEAA9AF0010C7FF /* Main.storyboard in Resources */,
			);
			runOnlyForDeploymentPostprocessing = 0;
		};
		9648DEC31FD6D21C00FC2B8C /* Resources */ = {
			isa = PBXResourcesBuildPhase;
			buildActionMask = 2147483647;
			files = (
				9648DED51FD6D21C00FC2B8C /* LaunchScreen.storyboard in Resources */,
				9648DED21FD6D21C00FC2B8C /* Assets.xcassets in Resources */,
				9648DECD1FD6D21C00FC2B8C /* Main.storyboard in Resources */,
			);
			runOnlyForDeploymentPostprocessing = 0;
		};
		9676145C1EE6F0880045FBA3 /* Resources */ = {
			isa = PBXResourcesBuildPhase;
			buildActionMask = 2147483647;
			files = (
			);
			runOnlyForDeploymentPostprocessing = 0;
		};
		967614651EE6F0880045FBA3 /* Resources */ = {
			isa = PBXResourcesBuildPhase;
			buildActionMask = 2147483647;
			files = (
			);
			runOnlyForDeploymentPostprocessing = 0;
		};
/* End PBXResourcesBuildPhase section */

/* Begin PBXSourcesBuildPhase section */
		9607F00F1EEAA9AF0010C7FF /* Sources */ = {
			isa = PBXSourcesBuildPhase;
			buildActionMask = 2147483647;
			files = (
				968948841EEAC53000A7140D /* SecondViewController.swift in Sources */,
				9607F0181EEAA9AF0010C7FF /* ViewController.swift in Sources */,
				9607F0161EEAA9AF0010C7FF /* AppDelegate.swift in Sources */,
			);
			runOnlyForDeploymentPostprocessing = 0;
		};
		9648DEC11FD6D21C00FC2B8C /* Sources */ = {
			isa = PBXSourcesBuildPhase;
			buildActionMask = 2147483647;
			files = (
				9648DEE01FD6D32E00FC2B8C /* SampleEntity.swift in Sources */,
				9648DECA1FD6D21C00FC2B8C /* ViewController.swift in Sources */,
				9648DED01FD6D21C00FC2B8C /* CoreDataSample.xcdatamodeld in Sources */,
				9648DEC81FD6D21C00FC2B8C /* AppDelegate.swift in Sources */,
				9648DEE21FD6D3A700FC2B8C /* DateFormatter.swift in Sources */,
			);
			runOnlyForDeploymentPostprocessing = 0;
		};
		967614591EE6F0880045FBA3 /* Sources */ = {
			isa = PBXSourcesBuildPhase;
			buildActionMask = 2147483647;
			files = (
				9607F02D1EEABFB90010C7FF /* ForeignResolvers.swift in Sources */,
				9648DEC01FD6C34A00FC2B8C /* CoreDataSupport.swift in Sources */,
				967614791EE6F0B50045FBA3 /* Component.swift in Sources */,
				9676147F1EE6F2E30045FBA3 /* Container.swift in Sources */,
				96E552521EE84E4D004AF0BE /* StoryboardSupport.swift in Sources */,
				9676147B1EE6F1F70045FBA3 /* Resolver.swift in Sources */,
				967614811EE6F3560045FBA3 /* Factories.swift in Sources */,
				9607F02B1EEABC520010C7FF /* WeakDependencies.swift in Sources */,
				9676147D1EE6F2500045FBA3 /* Resolvers.swift in Sources */,
			);
			runOnlyForDeploymentPostprocessing = 0;
		};
		967614631EE6F0880045FBA3 /* Sources */ = {
			isa = PBXSourcesBuildPhase;
			buildActionMask = 2147483647;
			files = (
				96F7D1E61EEEC1C900492E04 /* FactoriesTests.swift in Sources */,
				96F7D1EC1EF1105E00492E04 /* MultipleDependencyResolutionTests.swift in Sources */,
				9676146D1EE6F0880045FBA3 /* WindTests.swift in Sources */,
				96F7D1E41EEEC01000492E04 /* SingletonTests.swift in Sources */,
				96F7D1E81EEEC33800492E04 /* ForeignInstancesTests.swift in Sources */,
			);
			runOnlyForDeploymentPostprocessing = 0;
		};
/* End PBXSourcesBuildPhase section */

/* Begin PBXTargetDependency section */
		9607F0281EEAA9C20010C7FF /* PBXTargetDependency */ = {
			isa = PBXTargetDependency;
			target = 9676145D1EE6F0880045FBA3 /* Wind */;
			targetProxy = 9607F0271EEAA9C20010C7FF /* PBXContainerItemProxy */;
		};
		9648DEDD1FD6D25900FC2B8C /* PBXTargetDependency */ = {
			isa = PBXTargetDependency;
			target = 9676145D1EE6F0880045FBA3 /* Wind */;
			targetProxy = 9648DEDC1FD6D25900FC2B8C /* PBXContainerItemProxy */;
		};
		9676146A1EE6F0880045FBA3 /* PBXTargetDependency */ = {
			isa = PBXTargetDependency;
			target = 9676145D1EE6F0880045FBA3 /* Wind */;
			targetProxy = 967614691EE6F0880045FBA3 /* PBXContainerItemProxy */;
		};
/* End PBXTargetDependency section */

/* Begin PBXVariantGroup section */
		9607F0191EEAA9AF0010C7FF /* Main.storyboard */ = {
			isa = PBXVariantGroup;
			children = (
				9607F01A1EEAA9AF0010C7FF /* Base */,
			);
			name = Main.storyboard;
			sourceTree = "<group>";
		};
		9607F01E1EEAA9AF0010C7FF /* LaunchScreen.storyboard */ = {
			isa = PBXVariantGroup;
			children = (
				9607F01F1EEAA9AF0010C7FF /* Base */,
			);
			name = LaunchScreen.storyboard;
			sourceTree = "<group>";
		};
		9648DECB1FD6D21C00FC2B8C /* Main.storyboard */ = {
			isa = PBXVariantGroup;
			children = (
				9648DECC1FD6D21C00FC2B8C /* Base */,
			);
			name = Main.storyboard;
			sourceTree = "<group>";
		};
		9648DED31FD6D21C00FC2B8C /* LaunchScreen.storyboard */ = {
			isa = PBXVariantGroup;
			children = (
				9648DED41FD6D21C00FC2B8C /* Base */,
			);
			name = LaunchScreen.storyboard;
			sourceTree = "<group>";
		};
/* End PBXVariantGroup section */

/* Begin XCBuildConfiguration section */
		9607F0221EEAA9AF0010C7FF /* Debug */ = {
			isa = XCBuildConfiguration;
			buildSettings = {
				ALWAYS_EMBED_SWIFT_STANDARD_LIBRARIES = YES;
				ASSETCATALOG_COMPILER_APPICON_NAME = AppIcon;
				DEVELOPMENT_TEAM = L8585CEAXA;
				INFOPLIST_FILE = WindSample/Info.plist;
				LD_RUNPATH_SEARCH_PATHS = "$(inherited) @executable_path/Frameworks";
				PRODUCT_BUNDLE_IDENTIFIER = de.palasthotel.WindSample;
				PRODUCT_NAME = "$(TARGET_NAME)";
				SWIFT_VERSION = 3.0;
			};
			name = Debug;
		};
		9607F0231EEAA9AF0010C7FF /* Release */ = {
			isa = XCBuildConfiguration;
			buildSettings = {
				ALWAYS_EMBED_SWIFT_STANDARD_LIBRARIES = YES;
				ASSETCATALOG_COMPILER_APPICON_NAME = AppIcon;
				DEVELOPMENT_TEAM = L8585CEAXA;
				INFOPLIST_FILE = WindSample/Info.plist;
				LD_RUNPATH_SEARCH_PATHS = "$(inherited) @executable_path/Frameworks";
				PRODUCT_BUNDLE_IDENTIFIER = de.palasthotel.WindSample;
				PRODUCT_NAME = "$(TARGET_NAME)";
				SWIFT_VERSION = 3.0;
			};
			name = Release;
		};
		9648DED81FD6D21C00FC2B8C /* Debug */ = {
			isa = XCBuildConfiguration;
			buildSettings = {
				ALWAYS_EMBED_SWIFT_STANDARD_LIBRARIES = YES;
				ASSETCATALOG_COMPILER_APPICON_NAME = AppIcon;
				CLANG_CXX_LANGUAGE_STANDARD = "gnu++14";
				CLANG_WARN_BLOCK_CAPTURE_AUTORELEASING = YES;
				CLANG_WARN_COMMA = YES;
				CLANG_WARN_NON_LITERAL_NULL_CONVERSION = YES;
				CLANG_WARN_OBJC_LITERAL_CONVERSION = YES;
				CLANG_WARN_RANGE_LOOP_ANALYSIS = YES;
				CLANG_WARN_STRICT_PROTOTYPES = YES;
				CLANG_WARN_UNGUARDED_AVAILABILITY = YES_AGGRESSIVE;
				CODE_SIGN_IDENTITY = "iPhone Developer";
				CODE_SIGN_STYLE = Automatic;
				GCC_C_LANGUAGE_STANDARD = gnu11;
				INFOPLIST_FILE = CoreDataSample/Info.plist;
				IPHONEOS_DEPLOYMENT_TARGET = 11.1;
				LD_RUNPATH_SEARCH_PATHS = "$(inherited) @executable_path/Frameworks";
				PRODUCT_BUNDLE_IDENTIFIER = de.palasthotel.CoreDataSample;
				PRODUCT_NAME = "$(TARGET_NAME)";
				SWIFT_VERSION = 4.0;
				TARGETED_DEVICE_FAMILY = "1,2";
			};
			name = Debug;
		};
		9648DED91FD6D21C00FC2B8C /* Release */ = {
			isa = XCBuildConfiguration;
			buildSettings = {
				ALWAYS_EMBED_SWIFT_STANDARD_LIBRARIES = YES;
				ASSETCATALOG_COMPILER_APPICON_NAME = AppIcon;
				CLANG_CXX_LANGUAGE_STANDARD = "gnu++14";
				CLANG_WARN_BLOCK_CAPTURE_AUTORELEASING = YES;
				CLANG_WARN_COMMA = YES;
				CLANG_WARN_NON_LITERAL_NULL_CONVERSION = YES;
				CLANG_WARN_OBJC_LITERAL_CONVERSION = YES;
				CLANG_WARN_RANGE_LOOP_ANALYSIS = YES;
				CLANG_WARN_STRICT_PROTOTYPES = YES;
				CLANG_WARN_UNGUARDED_AVAILABILITY = YES_AGGRESSIVE;
				CODE_SIGN_IDENTITY = "iPhone Developer";
				CODE_SIGN_STYLE = Automatic;
				GCC_C_LANGUAGE_STANDARD = gnu11;
				INFOPLIST_FILE = CoreDataSample/Info.plist;
				IPHONEOS_DEPLOYMENT_TARGET = 11.1;
				LD_RUNPATH_SEARCH_PATHS = "$(inherited) @executable_path/Frameworks";
				PRODUCT_BUNDLE_IDENTIFIER = de.palasthotel.CoreDataSample;
				PRODUCT_NAME = "$(TARGET_NAME)";
				SWIFT_VERSION = 4.0;
				TARGETED_DEVICE_FAMILY = "1,2";
			};
			name = Release;
		};
		967614701EE6F0880045FBA3 /* Debug */ = {
			isa = XCBuildConfiguration;
			buildSettings = {
				ALWAYS_SEARCH_USER_PATHS = NO;
				CLANG_ANALYZER_NONNULL = YES;
				CLANG_ANALYZER_NUMBER_OBJECT_CONVERSION = YES_AGGRESSIVE;
				CLANG_CXX_LANGUAGE_STANDARD = "gnu++0x";
				CLANG_CXX_LIBRARY = "libc++";
				CLANG_ENABLE_MODULES = YES;
				CLANG_ENABLE_OBJC_ARC = YES;
				CLANG_WARN_BOOL_CONVERSION = YES;
				CLANG_WARN_CONSTANT_CONVERSION = YES;
				CLANG_WARN_DIRECT_OBJC_ISA_USAGE = YES_ERROR;
				CLANG_WARN_DOCUMENTATION_COMMENTS = YES;
				CLANG_WARN_EMPTY_BODY = YES;
				CLANG_WARN_ENUM_CONVERSION = YES;
				CLANG_WARN_INFINITE_RECURSION = YES;
				CLANG_WARN_INT_CONVERSION = YES;
				CLANG_WARN_OBJC_ROOT_CLASS = YES_ERROR;
				CLANG_WARN_SUSPICIOUS_MOVE = YES;
				CLANG_WARN_UNREACHABLE_CODE = YES;
				CLANG_WARN__DUPLICATE_METHOD_MATCH = YES;
				"CODE_SIGN_IDENTITY[sdk=iphoneos*]" = "iPhone Developer";
				COPY_PHASE_STRIP = NO;
				CURRENT_PROJECT_VERSION = 1;
				DEBUG_INFORMATION_FORMAT = dwarf;
				ENABLE_STRICT_OBJC_MSGSEND = YES;
				ENABLE_TESTABILITY = YES;
				GCC_C_LANGUAGE_STANDARD = gnu99;
				GCC_DYNAMIC_NO_PIC = NO;
				GCC_NO_COMMON_BLOCKS = YES;
				GCC_OPTIMIZATION_LEVEL = 0;
				GCC_PREPROCESSOR_DEFINITIONS = (
					"DEBUG=1",
					"$(inherited)",
				);
				GCC_WARN_64_TO_32_BIT_CONVERSION = YES;
				GCC_WARN_ABOUT_RETURN_TYPE = YES_ERROR;
				GCC_WARN_UNDECLARED_SELECTOR = YES;
				GCC_WARN_UNINITIALIZED_AUTOS = YES_AGGRESSIVE;
				GCC_WARN_UNUSED_FUNCTION = YES;
				GCC_WARN_UNUSED_VARIABLE = YES;
				IPHONEOS_DEPLOYMENT_TARGET = 10.3;
				MTL_ENABLE_DEBUG_INFO = YES;
				ONLY_ACTIVE_ARCH = YES;
				SDKROOT = iphoneos;
				SWIFT_ACTIVE_COMPILATION_CONDITIONS = DEBUG;
				SWIFT_OPTIMIZATION_LEVEL = "-Onone";
				TARGETED_DEVICE_FAMILY = "1,2";
				VERSIONING_SYSTEM = "apple-generic";
				VERSION_INFO_PREFIX = "";
			};
			name = Debug;
		};
		967614711EE6F0880045FBA3 /* Release */ = {
			isa = XCBuildConfiguration;
			buildSettings = {
				ALWAYS_SEARCH_USER_PATHS = NO;
				CLANG_ANALYZER_NONNULL = YES;
				CLANG_ANALYZER_NUMBER_OBJECT_CONVERSION = YES_AGGRESSIVE;
				CLANG_CXX_LANGUAGE_STANDARD = "gnu++0x";
				CLANG_CXX_LIBRARY = "libc++";
				CLANG_ENABLE_MODULES = YES;
				CLANG_ENABLE_OBJC_ARC = YES;
				CLANG_WARN_BOOL_CONVERSION = YES;
				CLANG_WARN_CONSTANT_CONVERSION = YES;
				CLANG_WARN_DIRECT_OBJC_ISA_USAGE = YES_ERROR;
				CLANG_WARN_DOCUMENTATION_COMMENTS = YES;
				CLANG_WARN_EMPTY_BODY = YES;
				CLANG_WARN_ENUM_CONVERSION = YES;
				CLANG_WARN_INFINITE_RECURSION = YES;
				CLANG_WARN_INT_CONVERSION = YES;
				CLANG_WARN_OBJC_ROOT_CLASS = YES_ERROR;
				CLANG_WARN_SUSPICIOUS_MOVE = YES;
				CLANG_WARN_UNREACHABLE_CODE = YES;
				CLANG_WARN__DUPLICATE_METHOD_MATCH = YES;
				"CODE_SIGN_IDENTITY[sdk=iphoneos*]" = "iPhone Developer";
				COPY_PHASE_STRIP = NO;
				CURRENT_PROJECT_VERSION = 1;
				DEBUG_INFORMATION_FORMAT = "dwarf-with-dsym";
				ENABLE_NS_ASSERTIONS = NO;
				ENABLE_STRICT_OBJC_MSGSEND = YES;
				GCC_C_LANGUAGE_STANDARD = gnu99;
				GCC_NO_COMMON_BLOCKS = YES;
				GCC_WARN_64_TO_32_BIT_CONVERSION = YES;
				GCC_WARN_ABOUT_RETURN_TYPE = YES_ERROR;
				GCC_WARN_UNDECLARED_SELECTOR = YES;
				GCC_WARN_UNINITIALIZED_AUTOS = YES_AGGRESSIVE;
				GCC_WARN_UNUSED_FUNCTION = YES;
				GCC_WARN_UNUSED_VARIABLE = YES;
				IPHONEOS_DEPLOYMENT_TARGET = 10.3;
				MTL_ENABLE_DEBUG_INFO = NO;
				SDKROOT = iphoneos;
				SWIFT_OPTIMIZATION_LEVEL = "-Owholemodule";
				TARGETED_DEVICE_FAMILY = "1,2";
				VALIDATE_PRODUCT = YES;
				VERSIONING_SYSTEM = "apple-generic";
				VERSION_INFO_PREFIX = "";
			};
			name = Release;
		};
		967614731EE6F0880045FBA3 /* Debug */ = {
			isa = XCBuildConfiguration;
			buildSettings = {
				CLANG_ENABLE_MODULES = YES;
				CODE_SIGN_IDENTITY = "iPhone Developer";
				DEFINES_MODULE = YES;
				DYLIB_COMPATIBILITY_VERSION = 1;
				DYLIB_CURRENT_VERSION = 1;
				DYLIB_INSTALL_NAME_BASE = "@rpath";
				INFOPLIST_FILE = Wind/Info.plist;
				INSTALL_PATH = "$(LOCAL_LIBRARY_DIR)/Frameworks";
				LD_RUNPATH_SEARCH_PATHS = "$(inherited) @executable_path/Frameworks @loader_path/Frameworks";
				PRODUCT_BUNDLE_IDENTIFIER = de.palasthotel.Wind;
				PRODUCT_NAME = "$(TARGET_NAME)";
				SKIP_INSTALL = YES;
				SWIFT_OPTIMIZATION_LEVEL = "-Onone";
				SWIFT_VERSION = 3.0;
			};
			name = Debug;
		};
		967614741EE6F0880045FBA3 /* Release */ = {
			isa = XCBuildConfiguration;
			buildSettings = {
				CLANG_ENABLE_MODULES = YES;
				CODE_SIGN_IDENTITY = "iPhone Developer";
				DEFINES_MODULE = YES;
				DYLIB_COMPATIBILITY_VERSION = 1;
				DYLIB_CURRENT_VERSION = 1;
				DYLIB_INSTALL_NAME_BASE = "@rpath";
				INFOPLIST_FILE = Wind/Info.plist;
				INSTALL_PATH = "$(LOCAL_LIBRARY_DIR)/Frameworks";
				LD_RUNPATH_SEARCH_PATHS = "$(inherited) @executable_path/Frameworks @loader_path/Frameworks";
				PRODUCT_BUNDLE_IDENTIFIER = de.palasthotel.Wind;
				PRODUCT_NAME = "$(TARGET_NAME)";
				SKIP_INSTALL = YES;
				SWIFT_VERSION = 3.0;
			};
			name = Release;
		};
		967614761EE6F0880045FBA3 /* Debug */ = {
			isa = XCBuildConfiguration;
			buildSettings = {
				ALWAYS_EMBED_SWIFT_STANDARD_LIBRARIES = YES;
				DEVELOPMENT_TEAM = L8585CEAXA;
				INFOPLIST_FILE = WindTests/Info.plist;
				LD_RUNPATH_SEARCH_PATHS = "$(inherited) @executable_path/Frameworks @loader_path/Frameworks";
				PRODUCT_BUNDLE_IDENTIFIER = de.palasthotel.WindTests;
				PRODUCT_NAME = "$(TARGET_NAME)";
				SWIFT_VERSION = 3.0;
			};
			name = Debug;
		};
		967614771EE6F0880045FBA3 /* Release */ = {
			isa = XCBuildConfiguration;
			buildSettings = {
				ALWAYS_EMBED_SWIFT_STANDARD_LIBRARIES = YES;
				DEVELOPMENT_TEAM = L8585CEAXA;
				INFOPLIST_FILE = WindTests/Info.plist;
				LD_RUNPATH_SEARCH_PATHS = "$(inherited) @executable_path/Frameworks @loader_path/Frameworks";
				PRODUCT_BUNDLE_IDENTIFIER = de.palasthotel.WindTests;
				PRODUCT_NAME = "$(TARGET_NAME)";
				SWIFT_VERSION = 3.0;
			};
			name = Release;
		};
/* End XCBuildConfiguration section */

/* Begin XCConfigurationList section */
		9607F0241EEAA9AF0010C7FF /* Build configuration list for PBXNativeTarget "WindSample" */ = {
			isa = XCConfigurationList;
			buildConfigurations = (
				9607F0221EEAA9AF0010C7FF /* Debug */,
				9607F0231EEAA9AF0010C7FF /* Release */,
			);
			defaultConfigurationIsVisible = 0;
			defaultConfigurationName = Release;
		};
		9648DED71FD6D21C00FC2B8C /* Build configuration list for PBXNativeTarget "CoreDataSample" */ = {
			isa = XCConfigurationList;
			buildConfigurations = (
				9648DED81FD6D21C00FC2B8C /* Debug */,
				9648DED91FD6D21C00FC2B8C /* Release */,
			);
			defaultConfigurationIsVisible = 0;
			defaultConfigurationName = Release;
		};
		967614581EE6F0880045FBA3 /* Build configuration list for PBXProject "Wind" */ = {
			isa = XCConfigurationList;
			buildConfigurations = (
				967614701EE6F0880045FBA3 /* Debug */,
				967614711EE6F0880045FBA3 /* Release */,
			);
			defaultConfigurationIsVisible = 0;
			defaultConfigurationName = Release;
		};
		967614721EE6F0880045FBA3 /* Build configuration list for PBXNativeTarget "Wind" */ = {
			isa = XCConfigurationList;
			buildConfigurations = (
				967614731EE6F0880045FBA3 /* Debug */,
				967614741EE6F0880045FBA3 /* Release */,
			);
			defaultConfigurationIsVisible = 0;
			defaultConfigurationName = Release;
		};
		967614751EE6F0880045FBA3 /* Build configuration list for PBXNativeTarget "WindTests" */ = {
			isa = XCConfigurationList;
			buildConfigurations = (
				967614761EE6F0880045FBA3 /* Debug */,
				967614771EE6F0880045FBA3 /* Release */,
			);
			defaultConfigurationIsVisible = 0;
			defaultConfigurationName = Release;
		};
/* End XCConfigurationList section */

/* Begin XCVersionGroup section */
		9648DECE1FD6D21C00FC2B8C /* CoreDataSample.xcdatamodeld */ = {
			isa = XCVersionGroup;
			children = (
				9648DECF1FD6D21C00FC2B8C /* CoreDataSample.xcdatamodel */,
			);
			currentVersion = 9648DECF1FD6D21C00FC2B8C /* CoreDataSample.xcdatamodel */;
			path = CoreDataSample.xcdatamodeld;
			sourceTree = "<group>";
			versionGroupType = wrapper.xcdatamodel;
		};
/* End XCVersionGroup section */
	};
	rootObject = 967614551EE6F0880045FBA3 /* Project object */;
}
